
Microsoft Visual Studio Solution File, Format Version 12.00
# Visual Studio Version 17
VisualStudioVersion = 17.1.32228.430
MinimumVisualStudioVersion = 10.0.40219.1
Project("{FAE04EC0-301F-11D3-BF4B-00C04F79EFBC}") = "Book", "Book\Book.csproj", "{F68DC70F-AEF2-4F05-9FAF-6578D001A956}"
EndProject
Global
	GlobalSection(SolutionConfigurationPlatforms) = preSolution
		Debug|Any CPU = Debug|Any CPU
		Release|Any CPU = Release|Any CPU
	EndGlobalSection
	GlobalSection(ProjectConfigurationPlatforms) = postSolution
		{F68DC70F-AEF2-4F05-9FAF-6578D001A956}.Debug|Any CPU.ActiveCfg = Debug|Any CPU
		{F68DC70F-AEF2-4F05-9FAF-6578D001A956}.Debug|Any CPU.Build.0 = Debug|Any CPU
		{F68DC70F-AEF2-4F05-9FAF-6578D001A956}.Release|Any CPU.ActiveCfg = Release|Any CPU
		{F68DC70F-AEF2-4F05-9FAF-6578D001A956}.Release|Any CPU.Build.0 = Release|Any CPU
	EndGlobalSection
	GlobalSection(SolutionProperties) = preSolution
		HideSolutionNode = FALSE
	EndGlobalSection
	GlobalSection(ExtensibilityGlobals) = postSolution
		SolutionGuid = {CB5F8053-8F64-4DC0-A8EC-B9F2294C1858}
	EndGlobalSection
EndGlobal
